
Microsoft Visual Studio Solution File, Format Version 12.00
# Visual Studio Version 17
VisualStudioVersion = 17.1.32414.318
MinimumVisualStudioVersion = 10.0.40219.1
Project("{FAE04EC0-301F-11D3-BF4B-00C04F79EFBC}") = "Tarea_clase5", "Tarea_clase5\Tarea_clase5.csproj", "{DF5E152F-0295-4E26-BE76-542C02261E18}"
EndProject
Global
	GlobalSection(SolutionConfigurationPlatforms) = preSolution
		Debug|Any CPU = Debug|Any CPU
		Release|Any CPU = Release|Any CPU
	EndGlobalSection
	GlobalSection(ProjectConfigurationPlatforms) = postSolution
		{DF5E152F-0295-4E26-BE76-542C02261E18}.Debug|Any CPU.ActiveCfg = Debug|Any CPU
		{DF5E152F-0295-4E26-BE76-542C02261E18}.Debug|Any CPU.Build.0 = Debug|Any CPU
		{DF5E152F-0295-4E26-BE76-542C02261E18}.Release|Any CPU.ActiveCfg = Release|Any CPU
		{DF5E152F-0295-4E26-BE76-542C02261E18}.Release|Any CPU.Build.0 = Release|Any CPU
	EndGlobalSection
	GlobalSection(SolutionProperties) = preSolution
		HideSolutionNode = FALSE
	EndGlobalSection
	GlobalSection(ExtensibilityGlobals) = postSolution
		SolutionGuid = {391E7A20-1C1F-4CE1-B156-1860385EC701}
	EndGlobalSection
EndGlobal
