
Microsoft Visual Studio Solution File, Format Version 12.00
# Visual Studio Version 17
VisualStudioVersion = 17.1.32414.318
MinimumVisualStudioVersion = 10.0.40219.1
Project("{FAE04EC0-301F-11D3-BF4B-00C04F79EFBC}") = "Ciclo_For", "Ciclo_For\Ciclo_For.csproj", "{0B2DC52C-A0CB-45B7-82B4-493CD19F43CB}"
EndProject
Global
	GlobalSection(SolutionConfigurationPlatforms) = preSolution
		Debug|Any CPU = Debug|Any CPU
		Release|Any CPU = Release|Any CPU
	EndGlobalSection
	GlobalSection(ProjectConfigurationPlatforms) = postSolution
		{0B2DC52C-A0CB-45B7-82B4-493CD19F43CB}.Debug|Any CPU.ActiveCfg = Debug|Any CPU
		{0B2DC52C-A0CB-45B7-82B4-493CD19F43CB}.Debug|Any CPU.Build.0 = Debug|Any CPU
		{0B2DC52C-A0CB-45B7-82B4-493CD19F43CB}.Release|Any CPU.ActiveCfg = Release|Any CPU
		{0B2DC52C-A0CB-45B7-82B4-493CD19F43CB}.Release|Any CPU.Build.0 = Release|Any CPU
	EndGlobalSection
	GlobalSection(SolutionProperties) = preSolution
		HideSolutionNode = FALSE
	EndGlobalSection
	GlobalSection(ExtensibilityGlobals) = postSolution
		SolutionGuid = {36B69B3A-351D-4C09-ACC0-047912558D22}
	EndGlobalSection
EndGlobal
